
Microsoft Visual Studio Solution File, Format Version 12.00
# Visual Studio Version 16
VisualStudioVersion = 16.0.29102.190
MinimumVisualStudioVersion = 10.0.40219.1
Project("{FAE04EC0-301F-11D3-BF4B-00C04F79EFBC}") = "In2TeamsSplitter.Android", "In2TeamsSplitter\In2TeamsSplitter.Android\In2TeamsSplitter.Android.csproj", "{6D51A632-91F6-47CD-A504-CF23841EEB38}"
EndProject
Project("{FAE04EC0-301F-11D3-BF4B-00C04F79EFBC}") = "In2TeamsSplitter.iOS", "In2TeamsSplitter\In2TeamsSplitter.iOS\In2TeamsSplitter.iOS.csproj", "{BC589F49-4D46-4EA4-929F-A91C9AB4028D}"
EndProject
Project("{FAE04EC0-301F-11D3-BF4B-00C04F79EFBC}") = "In2TeamsSplitter", "In2TeamsSplitter\In2TeamsSplitter\In2TeamsSplitter.csproj", "{44DC80BD-F05B-4C8E-9043-59B123AD76F1}"
EndProject
Global
	GlobalSection(SolutionConfigurationPlatforms) = preSolution
		Debug|Any CPU = Debug|Any CPU
		Debug|iPhone = Debug|iPhone
		Debug|iPhoneSimulator = Debug|iPhoneSimulator
		Release|Any CPU = Release|Any CPU
		Release|iPhone = Release|iPhone
		Release|iPhoneSimulator = Release|iPhoneSimulator
	EndGlobalSection
	GlobalSection(ProjectConfigurationPlatforms) = postSolution
		{6D51A632-91F6-47CD-A504-CF23841EEB38}.Debug|Any CPU.ActiveCfg = Debug|Any CPU
		{6D51A632-91F6-47CD-A504-CF23841EEB38}.Debug|Any CPU.Build.0 = Debug|Any CPU
		{6D51A632-91F6-47CD-A504-CF23841EEB38}.Debug|Any CPU.Deploy.0 = Debug|Any CPU
		{6D51A632-91F6-47CD-A504-CF23841EEB38}.Debug|iPhone.ActiveCfg = Debug|Any CPU
		{6D51A632-91F6-47CD-A504-CF23841EEB38}.Debug|iPhone.Build.0 = Debug|Any CPU
		{6D51A632-91F6-47CD-A504-CF23841EEB38}.Debug|iPhone.Deploy.0 = Debug|Any CPU
		{6D51A632-91F6-47CD-A504-CF23841EEB38}.Debug|iPhoneSimulator.ActiveCfg = Debug|Any CPU
		{6D51A632-91F6-47CD-A504-CF23841EEB38}.Debug|iPhoneSimulator.Build.0 = Debug|Any CPU
		{6D51A632-91F6-47CD-A504-CF23841EEB38}.Debug|iPhoneSimulator.Deploy.0 = Debug|Any CPU
		{6D51A632-91F6-47CD-A504-CF23841EEB38}.Release|Any CPU.ActiveCfg = Release|Any CPU
		{6D51A632-91F6-47CD-A504-CF23841EEB38}.Release|Any CPU.Build.0 = Release|Any CPU
		{6D51A632-91F6-47CD-A504-CF23841EEB38}.Release|Any CPU.Deploy.0 = Release|Any CPU
		{6D51A632-91F6-47CD-A504-CF23841EEB38}.Release|iPhone.ActiveCfg = Release|Any CPU
		{6D51A632-91F6-47CD-A504-CF23841EEB38}.Release|iPhone.Build.0 = Release|Any CPU
		{6D51A632-91F6-47CD-A504-CF23841EEB38}.Release|iPhone.Deploy.0 = Release|Any CPU
		{6D51A632-91F6-47CD-A504-CF23841EEB38}.Release|iPhoneSimulator.ActiveCfg = Release|Any CPU
		{6D51A632-91F6-47CD-A504-CF23841EEB38}.Release|iPhoneSimulator.Build.0 = Release|Any CPU
		{6D51A632-91F6-47CD-A504-CF23841EEB38}.Release|iPhoneSimulator.Deploy.0 = Release|Any CPU
		{BC589F49-4D46-4EA4-929F-A91C9AB4028D}.Debug|Any CPU.ActiveCfg = Debug|iPhoneSimulator
		{BC589F49-4D46-4EA4-929F-A91C9AB4028D}.Debug|Any CPU.Build.0 = Debug|iPhoneSimulator
		{BC589F49-4D46-4EA4-929F-A91C9AB4028D}.Debug|Any CPU.Deploy.0 = Debug|iPhoneSimulator
		{BC589F49-4D46-4EA4-929F-A91C9AB4028D}.Debug|iPhone.ActiveCfg = Debug|iPhone
		{BC589F49-4D46-4EA4-929F-A91C9AB4028D}.Debug|iPhone.Build.0 = Debug|iPhone
		{BC589F49-4D46-4EA4-929F-A91C9AB4028D}.Debug|iPhone.Deploy.0 = Debug|iPhone
		{BC589F49-4D46-4EA4-929F-A91C9AB4028D}.Debug|iPhoneSimulator.ActiveCfg = Debug|iPhoneSimulator
		{BC589F49-4D46-4EA4-929F-A91C9AB4028D}.Debug|iPhoneSimulator.Build.0 = Debug|iPhoneSimulator
		{BC589F49-4D46-4EA4-929F-A91C9AB4028D}.Debug|iPhoneSimulator.Deploy.0 = Debug|iPhoneSimulator
		{BC589F49-4D46-4EA4-929F-A91C9AB4028D}.Release|Any CPU.ActiveCfg = Release|iPhone
		{BC589F49-4D46-4EA4-929F-A91C9AB4028D}.Release|Any CPU.Build.0 = Release|iPhone
		{BC589F49-4D46-4EA4-929F-A91C9AB4028D}.Release|Any CPU.Deploy.0 = Release|iPhone
		{BC589F49-4D46-4EA4-929F-A91C9AB4028D}.Release|iPhone.ActiveCfg = Release|iPhone
		{BC589F49-4D46-4EA4-929F-A91C9AB4028D}.Release|iPhone.Build.0 = Release|iPhone
		{BC589F49-4D46-4EA4-929F-A91C9AB4028D}.Release|iPhone.Deploy.0 = Release|iPhone
		{BC589F49-4D46-4EA4-929F-A91C9AB4028D}.Release|iPhoneSimulator.ActiveCfg = Release|iPhoneSimulator
		{BC589F49-4D46-4EA4-929F-A91C9AB4028D}.Release|iPhoneSimulator.Build.0 = Release|iPhoneSimulator
		{BC589F49-4D46-4EA4-929F-A91C9AB4028D}.Release|iPhoneSimulator.Deploy.0 = Release|iPhoneSimulator
		{44DC80BD-F05B-4C8E-9043-59B123AD76F1}.Debug|Any CPU.ActiveCfg = Debug|Any CPU
		{44DC80BD-F05B-4C8E-9043-59B123AD76F1}.Debug|Any CPU.Build.0 = Debug|Any CPU
		{44DC80BD-F05B-4C8E-9043-59B123AD76F1}.Debug|Any CPU.Deploy.0 = Debug|Any CPU
		{44DC80BD-F05B-4C8E-9043-59B123AD76F1}.Debug|iPhone.ActiveCfg = Debug|Any CPU
		{44DC80BD-F05B-4C8E-9043-59B123AD76F1}.Debug|iPhone.Build.0 = Debug|Any CPU
		{44DC80BD-F05B-4C8E-9043-59B123AD76F1}.Debug|iPhone.Deploy.0 = Debug|Any CPU
		{44DC80BD-F05B-4C8E-9043-59B123AD76F1}.Debug|iPhoneSimulator.ActiveCfg = Debug|Any CPU
		{44DC80BD-F05B-4C8E-9043-59B123AD76F1}.Debug|iPhoneSimulator.Build.0 = Debug|Any CPU
		{44DC80BD-F05B-4C8E-9043-59B123AD76F1}.Debug|iPhoneSimulator.Deploy.0 = Debug|Any CPU
		{44DC80BD-F05B-4C8E-9043-59B123AD76F1}.Release|Any CPU.ActiveCfg = Release|Any CPU
		{44DC80BD-F05B-4C8E-9043-59B123AD76F1}.Release|Any CPU.Build.0 = Release|Any CPU
		{44DC80BD-F05B-4C8E-9043-59B123AD76F1}.Release|Any CPU.Deploy.0 = Release|Any CPU
		{44DC80BD-F05B-4C8E-9043-59B123AD76F1}.Release|iPhone.ActiveCfg = Release|Any CPU
		{44DC80BD-F05B-4C8E-9043-59B123AD76F1}.Release|iPhone.Build.0 = Release|Any CPU
		{44DC80BD-F05B-4C8E-9043-59B123AD76F1}.Release|iPhone.Deploy.0 = Release|Any CPU
		{44DC80BD-F05B-4C8E-9043-59B123AD76F1}.Release|iPhoneSimulator.ActiveCfg = Release|Any CPU
		{44DC80BD-F05B-4C8E-9043-59B123AD76F1}.Release|iPhoneSimulator.Build.0 = Release|Any CPU
		{44DC80BD-F05B-4C8E-9043-59B123AD76F1}.Release|iPhoneSimulator.Deploy.0 = Release|Any CPU
	EndGlobalSection
	GlobalSection(SolutionProperties) = preSolution
		HideSolutionNode = FALSE
	EndGlobalSection
	GlobalSection(ExtensibilityGlobals) = postSolution
		SolutionGuid = {2C6897A1-7568-4D0D-8AFB-7C94A00D722B}
	EndGlobalSection
EndGlobal
